
Microsoft Visual Studio Solution File, Format Version 12.00
# Visual Studio Version 16
VisualStudioVersion = 16.0.31515.178
MinimumVisualStudioVersion = 10.0.40219.1
Project("{FAE04EC0-301F-11D3-BF4B-00C04F79EFBC}") = "DogusCV3", "DogusCV3\DogusCV3.csproj", "{5030CE98-BB7C-4236-A37A-5A1225B2CA2D}"
EndProject
Global
	GlobalSection(SolutionConfigurationPlatforms) = preSolution
		Debug|Any CPU = Debug|Any CPU
		Release|Any CPU = Release|Any CPU
	EndGlobalSection
	GlobalSection(ProjectConfigurationPlatforms) = postSolution
		{5030CE98-BB7C-4236-A37A-5A1225B2CA2D}.Debug|Any CPU.ActiveCfg = Debug|Any CPU
		{5030CE98-BB7C-4236-A37A-5A1225B2CA2D}.Debug|Any CPU.Build.0 = Debug|Any CPU
		{5030CE98-BB7C-4236-A37A-5A1225B2CA2D}.Release|Any CPU.ActiveCfg = Release|Any CPU
		{5030CE98-BB7C-4236-A37A-5A1225B2CA2D}.Release|Any CPU.Build.0 = Release|Any CPU
	EndGlobalSection
	GlobalSection(SolutionProperties) = preSolution
		HideSolutionNode = FALSE
	EndGlobalSection
	GlobalSection(ExtensibilityGlobals) = postSolution
		SolutionGuid = {AB6C40C1-B687-4932-B4B5-CEB1AA9ADF22}
	EndGlobalSection
EndGlobal
